
Microsoft Visual Studio Solution File, Format Version 12.00
# Visual Studio Version 16
VisualStudioVersion = 16.0.30309.148
MinimumVisualStudioVersion = 10.0.40219.1
Project("{FAE04EC0-301F-11D3-BF4B-00C04F79EFBC}") = "Part 6", "Part 6\Part 6.csproj", "{36DE8BBC-119E-453B-B2DA-9A3E3FFAE603}"
EndProject
Global
	GlobalSection(SolutionConfigurationPlatforms) = preSolution
		Debug|Any CPU = Debug|Any CPU
		Release|Any CPU = Release|Any CPU
	EndGlobalSection
	GlobalSection(ProjectConfigurationPlatforms) = postSolution
		{36DE8BBC-119E-453B-B2DA-9A3E3FFAE603}.Debug|Any CPU.ActiveCfg = Debug|Any CPU
		{36DE8BBC-119E-453B-B2DA-9A3E3FFAE603}.Debug|Any CPU.Build.0 = Debug|Any CPU
		{36DE8BBC-119E-453B-B2DA-9A3E3FFAE603}.Release|Any CPU.ActiveCfg = Release|Any CPU
		{36DE8BBC-119E-453B-B2DA-9A3E3FFAE603}.Release|Any CPU.Build.0 = Release|Any CPU
	EndGlobalSection
	GlobalSection(SolutionProperties) = preSolution
		HideSolutionNode = FALSE
	EndGlobalSection
	GlobalSection(ExtensibilityGlobals) = postSolution
		SolutionGuid = {4F3303CC-6EE6-4354-8527-D91799DC457E}
	EndGlobalSection
EndGlobal
